
Microsoft Visual Studio Solution File, Format Version 12.00
# Visual Studio 15
VisualStudioVersion = 15.0.28307.852
MinimumVisualStudioVersion = 10.0.40219.1
Project("{FAE04EC0-301F-11D3-BF4B-00C04F79EFBC}") = "pr04v25_KhromovaOM", "pr03v25_KhromovaOM\pr04v25_KhromovaOM.csproj", "{09518438-E41B-4F14-B5A6-01982D037462}"
EndProject
Global
	GlobalSection(SolutionConfigurationPlatforms) = preSolution
		Debug|Any CPU = Debug|Any CPU
		Release|Any CPU = Release|Any CPU
	EndGlobalSection
	GlobalSection(ProjectConfigurationPlatforms) = postSolution
		{09518438-E41B-4F14-B5A6-01982D037462}.Debug|Any CPU.ActiveCfg = Debug|Any CPU
		{09518438-E41B-4F14-B5A6-01982D037462}.Debug|Any CPU.Build.0 = Debug|Any CPU
		{09518438-E41B-4F14-B5A6-01982D037462}.Release|Any CPU.ActiveCfg = Release|Any CPU
		{09518438-E41B-4F14-B5A6-01982D037462}.Release|Any CPU.Build.0 = Release|Any CPU
	EndGlobalSection
	GlobalSection(SolutionProperties) = preSolution
		HideSolutionNode = FALSE
	EndGlobalSection
	GlobalSection(ExtensibilityGlobals) = postSolution
		SolutionGuid = {2CDCECEA-B9BA-4373-A15C-151ED17B19DA}
	EndGlobalSection
EndGlobal
